// !$*UTF8*$!
{
	archiveVersion = 1;
	classes = {
	};
	objectVersion = 56;
	objects = {

/* Begin PBXBuildFile section */
		AA2100142A7D84FD00849BDC /* KeyboardViewModel.swift in Sources */ = {isa = PBXBuildFile; fileRef = AA2100132A7D84FD00849BDC /* KeyboardViewModel.swift */; };
		AA2100162A7D85B500849BDC /* CalculatorEmptyView.swift in Sources */ = {isa = PBXBuildFile; fileRef = AA2100152A7D85B500849BDC /* CalculatorEmptyView.swift */; };
		AA2100192A82542D00849BDC /* Node.swift in Sources */ = {isa = PBXBuildFile; fileRef = AA2100182A82542D00849BDC /* Node.swift */; };
		AA21001B2A82548B00849BDC /* InfixOperation.swift in Sources */ = {isa = PBXBuildFile; fileRef = AA21001A2A82548B00849BDC /* InfixOperation.swift */; };
		AA21001D2A8254AA00849BDC /* Add.swift in Sources */ = {isa = PBXBuildFile; fileRef = AA21001C2A8254AA00849BDC /* Add.swift */; };
		AA21001F2A8254BB00849BDC /* Subtract.swift in Sources */ = {isa = PBXBuildFile; fileRef = AA21001E2A8254BB00849BDC /* Subtract.swift */; };
		AA2100212A8254EC00849BDC /* Multiplication.swift in Sources */ = {isa = PBXBuildFile; fileRef = AA2100202A8254EC00849BDC /* Multiplication.swift */; };
		AA2100232A82551700849BDC /* Division.swift in Sources */ = {isa = PBXBuildFile; fileRef = AA2100222A82551700849BDC /* Division.swift */; };
		AA2100252A82554200849BDC /* Negate.swift in Sources */ = {isa = PBXBuildFile; fileRef = AA2100242A82554200849BDC /* Negate.swift */; };
		AA2100272A82554F00849BDC /* MyDouble.swift in Sources */ = {isa = PBXBuildFile; fileRef = AA2100262A82554F00849BDC /* MyDouble.swift */; };
		AA21002A2A82645400849BDC /* Calculate.swift in Sources */ = {isa = PBXBuildFile; fileRef = AA2100292A82645400849BDC /* Calculate.swift */; };
		AA539AA92A79F33500B4BAAA /* CalculatorApp.swift in Sources */ = {isa = PBXBuildFile; fileRef = AA539AA82A79F33500B4BAAA /* CalculatorApp.swift */; };
		AA539AAB2A79F33500B4BAAA /* ContentView.swift in Sources */ = {isa = PBXBuildFile; fileRef = AA539AAA2A79F33500B4BAAA /* ContentView.swift */; };
		AA539AAD2A79F33600B4BAAA /* Assets.xcassets in Resources */ = {isa = PBXBuildFile; fileRef = AA539AAC2A79F33600B4BAAA /* Assets.xcassets */; };
		AA539AB02A79F33600B4BAAA /* Preview Assets.xcassets in Resources */ = {isa = PBXBuildFile; fileRef = AA539AAF2A79F33600B4BAAA /* Preview Assets.xcassets */; };
		AA539AB72A7A75E200B4BAAA /* CalculatorButton.swift in Sources */ = {isa = PBXBuildFile; fileRef = AA539AB62A7A75E200B4BAAA /* CalculatorButton.swift */; };
		AA539ABB2A7A971100B4BAAA /* KeyboardView.swift in Sources */ = {isa = PBXBuildFile; fileRef = AA539ABA2A7A971100B4BAAA /* KeyboardView.swift */; };
		AA539ABD2A7AA9C100B4BAAA /* DisplayNumberView.swift in Sources */ = {isa = PBXBuildFile; fileRef = AA539ABC2A7AA9C100B4BAAA /* DisplayNumberView.swift */; };
		AA539ABF2A7AB32500B4BAAA /* BasicCalculatorView.swift in Sources */ = {isa = PBXBuildFile; fileRef = AA539ABE2A7AB32500B4BAAA /* BasicCalculatorView.swift */; };
		AA63D86A2A7C38D8004FEAF4 /* HistoryListView.swift in Sources */ = {isa = PBXBuildFile; fileRef = AA63D8692A7C38D8004FEAF4 /* HistoryListView.swift */; };
		AA63D86D2A7C4876004FEAF4 /* Model.xcdatamodeld in Sources */ = {isa = PBXBuildFile; fileRef = AA63D86B2A7C4876004FEAF4 /* Model.xcdatamodeld */; };
		AA63D86F2A7C48CE004FEAF4 /* DataManager.swift in Sources */ = {isa = PBXBuildFile; fileRef = AA63D86E2A7C48CE004FEAF4 /* DataManager.swift */; };
		AA7958532A8279A4002EB831 /* AbstractSyntaxTreesTests.swift in Sources */ = {isa = PBXBuildFile; fileRef = AA7958522A8279A4002EB831 /* AbstractSyntaxTreesTests.swift */; };
		AA79585B2A82A8FF002EB831 /* CalCulatorError.swift in Sources */ = {isa = PBXBuildFile; fileRef = AA79585A2A82A8FF002EB831 /* CalCulatorError.swift */; };
		AA79585D2A82C651002EB831 /* HistoryListViewModel.swift in Sources */ = {isa = PBXBuildFile; fileRef = AA79585C2A82C651002EB831 /* HistoryListViewModel.swift */; };
/* End PBXBuildFile section */

/* Begin PBXContainerItemProxy section */
		AA7958542A8279A4002EB831 /* PBXContainerItemProxy */ = {
			isa = PBXContainerItemProxy;
			containerPortal = AA539A9D2A79F33500B4BAAA /* Project object */;
			proxyType = 1;
			remoteGlobalIDString = AA539AA42A79F33500B4BAAA;
			remoteInfo = Calculator;
		};
/* End PBXContainerItemProxy section */

/* Begin PBXFileReference section */
		AA2100132A7D84FD00849BDC /* KeyboardViewModel.swift */ = {isa = PBXFileReference; lastKnownFileType = sourcecode.swift; path = KeyboardViewModel.swift; sourceTree = "<group>"; };
		AA2100152A7D85B500849BDC /* CalculatorEmptyView.swift */ = {isa = PBXFileReference; lastKnownFileType = sourcecode.swift; path = CalculatorEmptyView.swift; sourceTree = "<group>"; };
		AA2100182A82542D00849BDC /* Node.swift */ = {isa = PBXFileReference; lastKnownFileType = sourcecode.swift; path = Node.swift; sourceTree = "<group>"; };
		AA21001A2A82548B00849BDC /* InfixOperation.swift */ = {isa = PBXFileReference; lastKnownFileType = sourcecode.swift; path = InfixOperation.swift; sourceTree = "<group>"; };
		AA21001C2A8254AA00849BDC /* Add.swift */ = {isa = PBXFileReference; lastKnownFileType = sourcecode.swift; path = Add.swift; sourceTree = "<group>"; };
		AA21001E2A8254BB00849BDC /* Subtract.swift */ = {isa = PBXFileReference; lastKnownFileType = sourcecode.swift; path = Subtract.swift; sourceTree = "<group>"; };
		AA2100202A8254EC00849BDC /* Multiplication.swift */ = {isa = PBXFileReference; lastKnownFileType = sourcecode.swift; path = Multiplication.swift; sourceTree = "<group>"; };
		AA2100222A82551700849BDC /* Division.swift */ = {isa = PBXFileReference; lastKnownFileType = sourcecode.swift; path = Division.swift; sourceTree = "<group>"; };
		AA2100242A82554200849BDC /* Negate.swift */ = {isa = PBXFileReference; lastKnownFileType = sourcecode.swift; path = Negate.swift; sourceTree = "<group>"; };
		AA2100262A82554F00849BDC /* MyDouble.swift */ = {isa = PBXFileReference; lastKnownFileType = sourcecode.swift; path = MyDouble.swift; sourceTree = "<group>"; };
		AA2100292A82645400849BDC /* Calculate.swift */ = {isa = PBXFileReference; lastKnownFileType = sourcecode.swift; path = Calculate.swift; sourceTree = "<group>"; };
		AA539AA52A79F33500B4BAAA /* Calculator.app */ = {isa = PBXFileReference; explicitFileType = wrapper.application; includeInIndex = 0; path = Calculator.app; sourceTree = BUILT_PRODUCTS_DIR; };
		AA539AA82A79F33500B4BAAA /* CalculatorApp.swift */ = {isa = PBXFileReference; lastKnownFileType = sourcecode.swift; path = CalculatorApp.swift; sourceTree = "<group>"; };
		AA539AAA2A79F33500B4BAAA /* ContentView.swift */ = {isa = PBXFileReference; lastKnownFileType = sourcecode.swift; path = ContentView.swift; sourceTree = "<group>"; };
		AA539AAC2A79F33600B4BAAA /* Assets.xcassets */ = {isa = PBXFileReference; lastKnownFileType = folder.assetcatalog; path = Assets.xcassets; sourceTree = "<group>"; };
		AA539AAF2A79F33600B4BAAA /* Preview Assets.xcassets */ = {isa = PBXFileReference; lastKnownFileType = folder.assetcatalog; path = "Preview Assets.xcassets"; sourceTree = "<group>"; };
		AA539AB62A7A75E200B4BAAA /* CalculatorButton.swift */ = {isa = PBXFileReference; lastKnownFileType = sourcecode.swift; path = CalculatorButton.swift; sourceTree = "<group>"; };
		AA539ABA2A7A971100B4BAAA /* KeyboardView.swift */ = {isa = PBXFileReference; lastKnownFileType = sourcecode.swift; path = KeyboardView.swift; sourceTree = "<group>"; };
		AA539ABC2A7AA9C100B4BAAA /* DisplayNumberView.swift */ = {isa = PBXFileReference; lastKnownFileType = sourcecode.swift; path = DisplayNumberView.swift; sourceTree = "<group>"; };
		AA539ABE2A7AB32500B4BAAA /* BasicCalculatorView.swift */ = {isa = PBXFileReference; lastKnownFileType = sourcecode.swift; path = BasicCalculatorView.swift; sourceTree = "<group>"; };
		AA63D8692A7C38D8004FEAF4 /* HistoryListView.swift */ = {isa = PBXFileReference; lastKnownFileType = sourcecode.swift; path = HistoryListView.swift; sourceTree = "<group>"; };
		AA63D86C2A7C4876004FEAF4 /* Model.xcdatamodel */ = {isa = PBXFileReference; lastKnownFileType = wrapper.xcdatamodel; path = Model.xcdatamodel; sourceTree = "<group>"; };
		AA63D86E2A7C48CE004FEAF4 /* DataManager.swift */ = {isa = PBXFileReference; lastKnownFileType = sourcecode.swift; path = DataManager.swift; sourceTree = "<group>"; };
		AA7958502A8279A4002EB831 /* CalculatorTests.xctest */ = {isa = PBXFileReference; explicitFileType = wrapper.cfbundle; includeInIndex = 0; path = CalculatorTests.xctest; sourceTree = BUILT_PRODUCTS_DIR; };
		AA7958522A8279A4002EB831 /* AbstractSyntaxTreesTests.swift */ = {isa = PBXFileReference; lastKnownFileType = sourcecode.swift; path = AbstractSyntaxTreesTests.swift; sourceTree = "<group>"; };
		AA7958592A8279C2002EB831 /* CalculatorTest.xctestplan */ = {isa = PBXFileReference; lastKnownFileType = text; path = CalculatorTest.xctestplan; sourceTree = "<group>"; };
		AA79585A2A82A8FF002EB831 /* CalCulatorError.swift */ = {isa = PBXFileReference; lastKnownFileType = sourcecode.swift; path = CalCulatorError.swift; sourceTree = "<group>"; };
		AA79585C2A82C651002EB831 /* HistoryListViewModel.swift */ = {isa = PBXFileReference; lastKnownFileType = sourcecode.swift; path = HistoryListViewModel.swift; sourceTree = "<group>"; };
/* End PBXFileReference section */

/* Begin PBXFrameworksBuildPhase section */
		AA539AA22A79F33500B4BAAA /* Frameworks */ = {
			isa = PBXFrameworksBuildPhase;
			buildActionMask = 2147483647;
			files = (
			);
			runOnlyForDeploymentPostprocessing = 0;
		};
		AA79584D2A8279A4002EB831 /* Frameworks */ = {
			isa = PBXFrameworksBuildPhase;
			buildActionMask = 2147483647;
			files = (
			);
			runOnlyForDeploymentPostprocessing = 0;
		};
/* End PBXFrameworksBuildPhase section */

/* Begin PBXGroup section */
		AA2100102A7D847E00849BDC /* KeyboardView */ = {
			isa = PBXGroup;
			children = (
				AA539ABA2A7A971100B4BAAA /* KeyboardView.swift */,
				AA2100132A7D84FD00849BDC /* KeyboardViewModel.swift */,
			);
			path = KeyboardView;
			sourceTree = "<group>";
		};
		AA2100112A7D849F00849BDC /* Model */ = {
			isa = PBXGroup;
			children = (
				AA63D86B2A7C4876004FEAF4 /* Model.xcdatamodeld */,
				AA63D86E2A7C48CE004FEAF4 /* DataManager.swift */,
				AA79585A2A82A8FF002EB831 /* CalCulatorError.swift */,
			);
			path = Model;
			sourceTree = "<group>";
		};
		AA2100122A7D84B600849BDC /* Component */ = {
			isa = PBXGroup;
			children = (
				AA539AB62A7A75E200B4BAAA /* CalculatorButton.swift */,
				AA539ABC2A7AA9C100B4BAAA /* DisplayNumberView.swift */,
				AA2100152A7D85B500849BDC /* CalculatorEmptyView.swift */,
			);
			path = Component;
			sourceTree = "<group>";
		};
		AA2100172A82541000849BDC /* AbstractSyntaxTrees */ = {
			isa = PBXGroup;
			children = (
				AA2100282A825CA300849BDC /* Operater */,
				AA2100292A82645400849BDC /* Calculate.swift */,
			);
			path = AbstractSyntaxTrees;
			sourceTree = "<group>";
		};
		AA2100282A825CA300849BDC /* Operater */ = {
			isa = PBXGroup;
			children = (
				AA2100182A82542D00849BDC /* Node.swift */,
				AA21001A2A82548B00849BDC /* InfixOperation.swift */,
				AA21001C2A8254AA00849BDC /* Add.swift */,
				AA21001E2A8254BB00849BDC /* Subtract.swift */,
				AA2100202A8254EC00849BDC /* Multiplication.swift */,
				AA2100222A82551700849BDC /* Division.swift */,
				AA2100242A82554200849BDC /* Negate.swift */,
				AA2100262A82554F00849BDC /* MyDouble.swift */,
			);
			path = Operater;
			sourceTree = "<group>";
		};
		AA539A9C2A79F33500B4BAAA = {
			isa = PBXGroup;
			children = (
				AA539AA72A79F33500B4BAAA /* Calculator */,
				AA7958512A8279A4002EB831 /* CalculatorTests */,
				AA539AA62A79F33500B4BAAA /* Products */,
			);
			sourceTree = "<group>";
		};
		AA539AA62A79F33500B4BAAA /* Products */ = {
			isa = PBXGroup;
			children = (
				AA539AA52A79F33500B4BAAA /* Calculator.app */,
				AA7958502A8279A4002EB831 /* CalculatorTests.xctest */,
			);
			name = Products;
			sourceTree = "<group>";
		};
		AA539AA72A79F33500B4BAAA /* Calculator */ = {
			isa = PBXGroup;
			children = (
				AA2100172A82541000849BDC /* AbstractSyntaxTrees */,
				AA2100122A7D84B600849BDC /* Component */,
				AA2100112A7D849F00849BDC /* Model */,
				AA63D8662A7C0A8B004FEAF4 /* View */,
				AA539AA82A79F33500B4BAAA /* CalculatorApp.swift */,
				AA539AAA2A79F33500B4BAAA /* ContentView.swift */,
				AA539AAC2A79F33600B4BAAA /* Assets.xcassets */,
				AA539AAE2A79F33600B4BAAA /* Preview Content */,
			);
			path = Calculator;
			sourceTree = "<group>";
		};
		AA539AAE2A79F33600B4BAAA /* Preview Content */ = {
			isa = PBXGroup;
			children = (
				AA539AAF2A79F33600B4BAAA /* Preview Assets.xcassets */,
			);
			path = "Preview Content";
			sourceTree = "<group>";
		};
		AA63D8652A7C0A82004FEAF4 /* BasicCalculatorView */ = {
			isa = PBXGroup;
			children = (
				AA539ABE2A7AB32500B4BAAA /* BasicCalculatorView.swift */,
			);
			path = BasicCalculatorView;
			sourceTree = "<group>";
		};
		AA63D8662A7C0A8B004FEAF4 /* View */ = {
			isa = PBXGroup;
			children = (
				AA2100102A7D847E00849BDC /* KeyboardView */,
				AA63D8652A7C0A82004FEAF4 /* BasicCalculatorView */,
				AA63D8722A7C5C59004FEAF4 /* HistoryListView */,
			);
			path = View;
			sourceTree = "<group>";
		};
		AA63D8722A7C5C59004FEAF4 /* HistoryListView */ = {
			isa = PBXGroup;
			children = (
				AA63D8692A7C38D8004FEAF4 /* HistoryListView.swift */,
				AA79585C2A82C651002EB831 /* HistoryListViewModel.swift */,
			);
			path = HistoryListView;
			sourceTree = "<group>";
		};
		AA7958512A8279A4002EB831 /* CalculatorTests */ = {
			isa = PBXGroup;
			children = (
				AA7958592A8279C2002EB831 /* CalculatorTest.xctestplan */,
				AA7958522A8279A4002EB831 /* AbstractSyntaxTreesTests.swift */,
			);
			path = CalculatorTests;
			sourceTree = "<group>";
		};
/* End PBXGroup section */

/* Begin PBXNativeTarget section */
		AA539AA42A79F33500B4BAAA /* Calculator */ = {
			isa = PBXNativeTarget;
			buildConfigurationList = AA539AB32A79F33600B4BAAA /* Build configuration list for PBXNativeTarget "Calculator" */;
			buildPhases = (
				AA539AA12A79F33500B4BAAA /* Sources */,
				AA539AA22A79F33500B4BAAA /* Frameworks */,
				AA539AA32A79F33500B4BAAA /* Resources */,
			);
			buildRules = (
			);
			dependencies = (
			);
			name = Calculator;
			productName = Calculator;
			productReference = AA539AA52A79F33500B4BAAA /* Calculator.app */;
			productType = "com.apple.product-type.application";
		};
		AA79584F2A8279A4002EB831 /* CalculatorTests */ = {
			isa = PBXNativeTarget;
			buildConfigurationList = AA7958562A8279A5002EB831 /* Build configuration list for PBXNativeTarget "CalculatorTests" */;
			buildPhases = (
				AA79584C2A8279A4002EB831 /* Sources */,
				AA79584D2A8279A4002EB831 /* Frameworks */,
				AA79584E2A8279A4002EB831 /* Resources */,
			);
			buildRules = (
			);
			dependencies = (
				AA7958552A8279A4002EB831 /* PBXTargetDependency */,
			);
			name = CalculatorTests;
			productName = CalculatorTests;
			productReference = AA7958502A8279A4002EB831 /* CalculatorTests.xctest */;
			productType = "com.apple.product-type.bundle.unit-test";
		};
/* End PBXNativeTarget section */

/* Begin PBXProject section */
		AA539A9D2A79F33500B4BAAA /* Project object */ = {
			isa = PBXProject;
			attributes = {
				BuildIndependentTargetsInParallel = 1;
				LastSwiftUpdateCheck = 1430;
				LastUpgradeCheck = 1430;
				TargetAttributes = {
					AA539AA42A79F33500B4BAAA = {
						CreatedOnToolsVersion = 14.3.1;
					};
					AA79584F2A8279A4002EB831 = {
						CreatedOnToolsVersion = 14.3.1;
						TestTargetID = AA539AA42A79F33500B4BAAA;
					};
				};
			};
			buildConfigurationList = AA539AA02A79F33500B4BAAA /* Build configuration list for PBXProject "Calculator" */;
			compatibilityVersion = "Xcode 14.0";
			developmentRegion = en;
			hasScannedForEncodings = 0;
			knownRegions = (
				en,
				Base,
			);
			mainGroup = AA539A9C2A79F33500B4BAAA;
			productRefGroup = AA539AA62A79F33500B4BAAA /* Products */;
			projectDirPath = "";
			projectRoot = "";
			targets = (
				AA539AA42A79F33500B4BAAA /* Calculator */,
				AA79584F2A8279A4002EB831 /* CalculatorTests */,
			);
		};
/* End PBXProject section */

/* Begin PBXResourcesBuildPhase section */
		AA539AA32A79F33500B4BAAA /* Resources */ = {
			isa = PBXResourcesBuildPhase;
			buildActionMask = 2147483647;
			files = (
				AA539AB02A79F33600B4BAAA /* Preview Assets.xcassets in Resources */,
				AA539AAD2A79F33600B4BAAA /* Assets.xcassets in Resources */,
			);
			runOnlyForDeploymentPostprocessing = 0;
		};
		AA79584E2A8279A4002EB831 /* Resources */ = {
			isa = PBXResourcesBuildPhase;
			buildActionMask = 2147483647;
			files = (
			);
			runOnlyForDeploymentPostprocessing = 0;
		};
/* End PBXResourcesBuildPhase section */

/* Begin PBXSourcesBuildPhase section */
		AA539AA12A79F33500B4BAAA /* Sources */ = {
			isa = PBXSourcesBuildPhase;
			buildActionMask = 2147483647;
			files = (
				AA21001B2A82548B00849BDC /* InfixOperation.swift in Sources */,
				AA79585D2A82C651002EB831 /* HistoryListViewModel.swift in Sources */,
				AA21001F2A8254BB00849BDC /* Subtract.swift in Sources */,
				AA2100232A82551700849BDC /* Division.swift in Sources */,
				AA539AAB2A79F33500B4BAAA /* ContentView.swift in Sources */,
				AA21001D2A8254AA00849BDC /* Add.swift in Sources */,
				AA2100272A82554F00849BDC /* MyDouble.swift in Sources */,
				AA63D86F2A7C48CE004FEAF4 /* DataManager.swift in Sources */,
				AA63D86A2A7C38D8004FEAF4 /* HistoryListView.swift in Sources */,
				AA2100212A8254EC00849BDC /* Multiplication.swift in Sources */,
				AA539AB72A7A75E200B4BAAA /* CalculatorButton.swift in Sources */,
				AA2100192A82542D00849BDC /* Node.swift in Sources */,
				AA539AA92A79F33500B4BAAA /* CalculatorApp.swift in Sources */,
				AA63D86D2A7C4876004FEAF4 /* Model.xcdatamodeld in Sources */,
				AA539ABD2A7AA9C100B4BAAA /* DisplayNumberView.swift in Sources */,
				AA21002A2A82645400849BDC /* Calculate.swift in Sources */,
				AA79585B2A82A8FF002EB831 /* CalCulatorError.swift in Sources */,
				AA539ABB2A7A971100B4BAAA /* KeyboardView.swift in Sources */,
				AA539ABF2A7AB32500B4BAAA /* BasicCalculatorView.swift in Sources */,
				AA2100142A7D84FD00849BDC /* KeyboardViewModel.swift in Sources */,
				AA2100252A82554200849BDC /* Negate.swift in Sources */,
				AA2100162A7D85B500849BDC /* CalculatorEmptyView.swift in Sources */,
			);
			runOnlyForDeploymentPostprocessing = 0;
		};
		AA79584C2A8279A4002EB831 /* Sources */ = {
			isa = PBXSourcesBuildPhase;
			buildActionMask = 2147483647;
			files = (
				AA7958532A8279A4002EB831 /* AbstractSyntaxTreesTests.swift in Sources */,
			);
			runOnlyForDeploymentPostprocessing = 0;
		};
/* End PBXSourcesBuildPhase section */

/* Begin PBXTargetDependency section */
		AA7958552A8279A4002EB831 /* PBXTargetDependency */ = {
			isa = PBXTargetDependency;
			target = AA539AA42A79F33500B4BAAA /* Calculator */;
			targetProxy = AA7958542A8279A4002EB831 /* PBXContainerItemProxy */;
		};
/* End PBXTargetDependency section */

/* Begin XCBuildConfiguration section */
		AA539AB12A79F33600B4BAAA /* Debug */ = {
			isa = XCBuildConfiguration;
			buildSettings = {
				ALWAYS_SEARCH_USER_PATHS = NO;
				CLANG_ANALYZER_NONNULL = YES;
				CLANG_ANALYZER_NUMBER_OBJECT_CONVERSION = YES_AGGRESSIVE;
				CLANG_CXX_LANGUAGE_STANDARD = "gnu++20";
				CLANG_ENABLE_MODULES = YES;
				CLANG_ENABLE_OBJC_ARC = YES;
				CLANG_ENABLE_OBJC_WEAK = YES;
				CLANG_WARN_BLOCK_CAPTURE_AUTORELEASING = YES;
				CLANG_WARN_BOOL_CONVERSION = YES;
				CLANG_WARN_COMMA = YES;
				CLANG_WARN_CONSTANT_CONVERSION = YES;
				CLANG_WARN_DEPRECATED_OBJC_IMPLEMENTATIONS = YES;
				CLANG_WARN_DIRECT_OBJC_ISA_USAGE = YES_ERROR;
				CLANG_WARN_DOCUMENTATION_COMMENTS = YES;
				CLANG_WARN_EMPTY_BODY = YES;
				CLANG_WARN_ENUM_CONVERSION = YES;
				CLANG_WARN_INFINITE_RECURSION = YES;
				CLANG_WARN_INT_CONVERSION = YES;
				CLANG_WARN_NON_LITERAL_NULL_CONVERSION = YES;
				CLANG_WARN_OBJC_IMPLICIT_RETAIN_SELF = YES;
				CLANG_WARN_OBJC_LITERAL_CONVERSION = YES;
				CLANG_WARN_OBJC_ROOT_CLASS = YES_ERROR;
				CLANG_WARN_QUOTED_INCLUDE_IN_FRAMEWORK_HEADER = YES;
				CLANG_WARN_RANGE_LOOP_ANALYSIS = YES;
				CLANG_WARN_STRICT_PROTOTYPES = YES;
				CLANG_WARN_SUSPICIOUS_MOVE = YES;
				CLANG_WARN_UNGUARDED_AVAILABILITY = YES_AGGRESSIVE;
				CLANG_WARN_UNREACHABLE_CODE = YES;
				CLANG_WARN__DUPLICATE_METHOD_MATCH = YES;
				COPY_PHASE_STRIP = NO;
				DEBUG_INFORMATION_FORMAT = dwarf;
				ENABLE_STRICT_OBJC_MSGSEND = YES;
				ENABLE_TESTABILITY = YES;
				GCC_C_LANGUAGE_STANDARD = gnu11;
				GCC_DYNAMIC_NO_PIC = NO;
				GCC_NO_COMMON_BLOCKS = YES;
				GCC_OPTIMIZATION_LEVEL = 0;
				GCC_PREPROCESSOR_DEFINITIONS = (
					"DEBUG=1",
					"$(inherited)",
				);
				GCC_WARN_64_TO_32_BIT_CONVERSION = YES;
				GCC_WARN_ABOUT_RETURN_TYPE = YES_ERROR;
				GCC_WARN_UNDECLARED_SELECTOR = YES;
				GCC_WARN_UNINITIALIZED_AUTOS = YES_AGGRESSIVE;
				GCC_WARN_UNUSED_FUNCTION = YES;
				GCC_WARN_UNUSED_VARIABLE = YES;
				IPHONEOS_DEPLOYMENT_TARGET = 16.4;
				MTL_ENABLE_DEBUG_INFO = INCLUDE_SOURCE;
				MTL_FAST_MATH = YES;
				ONLY_ACTIVE_ARCH = YES;
				SDKROOT = iphoneos;
				SWIFT_ACTIVE_COMPILATION_CONDITIONS = DEBUG;
				SWIFT_OPTIMIZATION_LEVEL = "-Onone";
			};
			name = Debug;
		};
		AA539AB22A79F33600B4BAAA /* Release */ = {
			isa = XCBuildConfiguration;
			buildSettings = {
				ALWAYS_SEARCH_USER_PATHS = NO;
				CLANG_ANALYZER_NONNULL = YES;
				CLANG_ANALYZER_NUMBER_OBJECT_CONVERSION = YES_AGGRESSIVE;
				CLANG_CXX_LANGUAGE_STANDARD = "gnu++20";
				CLANG_ENABLE_MODULES = YES;
				CLANG_ENABLE_OBJC_ARC = YES;
				CLANG_ENABLE_OBJC_WEAK = YES;
				CLANG_WARN_BLOCK_CAPTURE_AUTORELEASING = YES;
				CLANG_WARN_BOOL_CONVERSION = YES;
				CLANG_WARN_COMMA = YES;
				CLANG_WARN_CONSTANT_CONVERSION = YES;
				CLANG_WARN_DEPRECATED_OBJC_IMPLEMENTATIONS = YES;
				CLANG_WARN_DIRECT_OBJC_ISA_USAGE = YES_ERROR;
				CLANG_WARN_DOCUMENTATION_COMMENTS = YES;
				CLANG_WARN_EMPTY_BODY = YES;
				CLANG_WARN_ENUM_CONVERSION = YES;
				CLANG_WARN_INFINITE_RECURSION = YES;
				CLANG_WARN_INT_CONVERSION = YES;
				CLANG_WARN_NON_LITERAL_NULL_CONVERSION = YES;
				CLANG_WARN_OBJC_IMPLICIT_RETAIN_SELF = YES;
				CLANG_WARN_OBJC_LITERAL_CONVERSION = YES;
				CLANG_WARN_OBJC_ROOT_CLASS = YES_ERROR;
				CLANG_WARN_QUOTED_INCLUDE_IN_FRAMEWORK_HEADER = YES;
				CLANG_WARN_RANGE_LOOP_ANALYSIS = YES;
				CLANG_WARN_STRICT_PROTOTYPES = YES;
				CLANG_WARN_SUSPICIOUS_MOVE = YES;
				CLANG_WARN_UNGUARDED_AVAILABILITY = YES_AGGRESSIVE;
				CLANG_WARN_UNREACHABLE_CODE = YES;
				CLANG_WARN__DUPLICATE_METHOD_MATCH = YES;
				COPY_PHASE_STRIP = NO;
				DEBUG_INFORMATION_FORMAT = "dwarf-with-dsym";
				ENABLE_NS_ASSERTIONS = NO;
				ENABLE_STRICT_OBJC_MSGSEND = YES;
				GCC_C_LANGUAGE_STANDARD = gnu11;
				GCC_NO_COMMON_BLOCKS = YES;
				GCC_WARN_64_TO_32_BIT_CONVERSION = YES;
				GCC_WARN_ABOUT_RETURN_TYPE = YES_ERROR;
				GCC_WARN_UNDECLARED_SELECTOR = YES;
				GCC_WARN_UNINITIALIZED_AUTOS = YES_AGGRESSIVE;
				GCC_WARN_UNUSED_FUNCTION = YES;
				GCC_WARN_UNUSED_VARIABLE = YES;
				IPHONEOS_DEPLOYMENT_TARGET = 16.4;
				MTL_ENABLE_DEBUG_INFO = NO;
				MTL_FAST_MATH = YES;
				SDKROOT = iphoneos;
				SWIFT_COMPILATION_MODE = wholemodule;
				SWIFT_OPTIMIZATION_LEVEL = "-O";
				VALIDATE_PRODUCT = YES;
			};
			name = Release;
		};
		AA539AB42A79F33600B4BAAA /* Debug */ = {
			isa = XCBuildConfiguration;
			buildSettings = {
				ASSETCATALOG_COMPILER_APPICON_NAME = AppIcon;
				ASSETCATALOG_COMPILER_GLOBAL_ACCENT_COLOR_NAME = AccentColor;
				CODE_SIGN_STYLE = Automatic;
				CURRENT_PROJECT_VERSION = 1;
				DEVELOPMENT_ASSET_PATHS = "\"Calculator/Preview Content\"";
				DEVELOPMENT_TEAM = 447H88N27M;
				ENABLE_PREVIEWS = YES;
				GENERATE_INFOPLIST_FILE = YES;
				INFOPLIST_KEY_UIApplicationSceneManifest_Generation = YES;
				INFOPLIST_KEY_UIApplicationSupportsIndirectInputEvents = YES;
				INFOPLIST_KEY_UILaunchScreen_Generation = YES;
				INFOPLIST_KEY_UIStatusBarStyle = UIStatusBarStyleDarkContent;
				INFOPLIST_KEY_UISupportedInterfaceOrientations = UIInterfaceOrientationPortrait;
				INFOPLIST_KEY_UISupportedInterfaceOrientations_iPad = "UIInterfaceOrientationLandscapeLeft UIInterfaceOrientationLandscapeRight UIInterfaceOrientationPortrait UIInterfaceOrientationPortraitUpsideDown";
				LD_RUNPATH_SEARCH_PATHS = (
					"$(inherited)",
					"@executable_path/Frameworks",
				);
				MARKETING_VERSION = 1.0;
				PRODUCT_BUNDLE_IDENTIFIER = elvis.Calculator;
				PRODUCT_NAME = "$(TARGET_NAME)";
				SUPPORTED_PLATFORMS = "iphoneos iphonesimulator";
				SUPPORTS_MACCATALYST = NO;
				SUPPORTS_MAC_DESIGNED_FOR_IPHONE_IPAD = YES;
				SWIFT_EMIT_LOC_STRINGS = YES;
				SWIFT_VERSION = 5.0;
				TARGETED_DEVICE_FAMILY = 1;
			};
			name = Debug;
		};
		AA539AB52A79F33600B4BAAA /* Release */ = {
			isa = XCBuildConfiguration;
			buildSettings = {
				ASSETCATALOG_COMPILER_APPICON_NAME = AppIcon;
				ASSETCATALOG_COMPILER_GLOBAL_ACCENT_COLOR_NAME = AccentColor;
				CODE_SIGN_STYLE = Automatic;
				CURRENT_PROJECT_VERSION = 1;
				DEVELOPMENT_ASSET_PATHS = "\"Calculator/Preview Content\"";
				DEVELOPMENT_TEAM = 447H88N27M;
				ENABLE_PREVIEWS = YES;
				GENERATE_INFOPLIST_FILE = YES;
				INFOPLIST_KEY_UIApplicationSceneManifest_Generation = YES;
				INFOPLIST_KEY_UIApplicationSupportsIndirectInputEvents = YES;
				INFOPLIST_KEY_UILaunchScreen_Generation = YES;
				INFOPLIST_KEY_UIStatusBarStyle = UIStatusBarStyleDarkContent;
				INFOPLIST_KEY_UISupportedInterfaceOrientations = UIInterfaceOrientationPortrait;
				INFOPLIST_KEY_UISupportedInterfaceOrientations_iPad = "UIInterfaceOrientationLandscapeLeft UIInterfaceOrientationLandscapeRight UIInterfaceOrientationPortrait UIInterfaceOrientationPortraitUpsideDown";
				LD_RUNPATH_SEARCH_PATHS = (
					"$(inherited)",
					"@executable_path/Frameworks",
				);
				MARKETING_VERSION = 1.0;
				PRODUCT_BUNDLE_IDENTIFIER = elvis.Calculator;
				PRODUCT_NAME = "$(TARGET_NAME)";
				SUPPORTED_PLATFORMS = "iphoneos iphonesimulator";
				SUPPORTS_MACCATALYST = NO;
				SUPPORTS_MAC_DESIGNED_FOR_IPHONE_IPAD = YES;
				SWIFT_EMIT_LOC_STRINGS = YES;
				SWIFT_VERSION = 5.0;
				TARGETED_DEVICE_FAMILY = 1;
			};
			name = Release;
		};
		AA7958572A8279A5002EB831 /* Debug */ = {
			isa = XCBuildConfiguration;
			buildSettings = {
				BUNDLE_LOADER = "$(TEST_HOST)";
				CODE_SIGN_STYLE = Automatic;
				CURRENT_PROJECT_VERSION = 1;
				DEVELOPMENT_TEAM = 447H88N27M;
				GENERATE_INFOPLIST_FILE = YES;
				MARKETING_VERSION = 1.0;
				PRODUCT_BUNDLE_IDENTIFIER = elvis.CalculatorTests;
				PRODUCT_NAME = "$(TARGET_NAME)";
				SWIFT_EMIT_LOC_STRINGS = NO;
				SWIFT_VERSION = 5.0;
				TARGETED_DEVICE_FAMILY = "1,2";
				TEST_HOST = "$(BUILT_PRODUCTS_DIR)/Calculator.app/$(BUNDLE_EXECUTABLE_FOLDER_PATH)/Calculator";
			};
			name = Debug;
		};
		AA7958582A8279A5002EB831 /* Release */ = {
			isa = XCBuildConfiguration;
			buildSettings = {
				BUNDLE_LOADER = "$(TEST_HOST)";
				CODE_SIGN_STYLE = Automatic;
				CURRENT_PROJECT_VERSION = 1;
				DEVELOPMENT_TEAM = 447H88N27M;
				GENERATE_INFOPLIST_FILE = YES;
				MARKETING_VERSION = 1.0;
				PRODUCT_BUNDLE_IDENTIFIER = elvis.CalculatorTests;
				PRODUCT_NAME = "$(TARGET_NAME)";
				SWIFT_EMIT_LOC_STRINGS = NO;
				SWIFT_VERSION = 5.0;
				TARGETED_DEVICE_FAMILY = "1,2";
				TEST_HOST = "$(BUILT_PRODUCTS_DIR)/Calculator.app/$(BUNDLE_EXECUTABLE_FOLDER_PATH)/Calculator";
			};
			name = Release;
		};
/* End XCBuildConfiguration section */

/* Begin XCConfigurationList section */
		AA539AA02A79F33500B4BAAA /* Build configuration list for PBXProject "Calculator" */ = {
			isa = XCConfigurationList;
			buildConfigurations = (
				AA539AB12A79F33600B4BAAA /* Debug */,
				AA539AB22A79F33600B4BAAA /* Release */,
			);
			defaultConfigurationIsVisible = 0;
			defaultConfigurationName = Release;
		};
		AA539AB32A79F33600B4BAAA /* Build configuration list for PBXNativeTarget "Calculator" */ = {
			isa = XCConfigurationList;
			buildConfigurations = (
				AA539AB42A79F33600B4BAAA /* Debug */,
				AA539AB52A79F33600B4BAAA /* Release */,
			);
			defaultConfigurationIsVisible = 0;
			defaultConfigurationName = Release;
		};
		AA7958562A8279A5002EB831 /* Build configuration list for PBXNativeTarget "CalculatorTests" */ = {
			isa = XCConfigurationList;
			buildConfigurations = (
				AA7958572A8279A5002EB831 /* Debug */,
				AA7958582A8279A5002EB831 /* Release */,
			);
			defaultConfigurationIsVisible = 0;
			defaultConfigurationName = Release;
		};
/* End XCConfigurationList section */

/* Begin XCVersionGroup section */
		AA63D86B2A7C4876004FEAF4 /* Model.xcdatamodeld */ = {
			isa = XCVersionGroup;
			children = (
				AA63D86C2A7C4876004FEAF4 /* Model.xcdatamodel */,
			);
			currentVersion = AA63D86C2A7C4876004FEAF4 /* Model.xcdatamodel */;
			path = Model.xcdatamodeld;
			sourceTree = "<group>";
			versionGroupType = wrapper.xcdatamodel;
		};
/* End XCVersionGroup section */
	};
	rootObject = AA539A9D2A79F33500B4BAAA /* Project object */;
}
